{
    "name": "inlinemoji",
    "lockfileVersion": 2,
    "requires": true,
    "packages": {
        "": {
            "dependencies": {
                "discord-emoji": "^2.0.5"
            }
        },
        "node_modules/discord-emoji": {
            "version": "2.0.5",
            "resolved": "https://registry.npmjs.org/discord-emoji/-/discord-emoji-2.0.5.tgz",
            "integrity": "sha512-iI/63mDqbDd9NdQUt7Rrt+isRSTCNyoPjNWcrFFiUQMNHjQYHR2L8BqbCO9UPZ8GS8ei8O9hIrLVlt7USn8OHw=="
        }
    },
    "dependencies": {
        "discord-emoji": {
            "version": "2.0.5",
            "resolved": "https://registry.npmjs.org/discord-emoji/-/discord-emoji-2.0.5.tgz",
            "integrity": "sha512-iI/63mDqbDd9NdQUt7Rrt+isRSTCNyoPjNWcrFFiUQMNHjQYHR2L8BqbCO9UPZ8GS8ei8O9hIrLVlt7USn8OHw=="
        }
    }
}
